# This file is generated by running "yarn install" inside your project.
# Manual changes might be lost - proceed with caution!

__metadata:
  version: 8
  cacheKey: 10c0

"@ant-design/colors@npm:^7.0.0, @ant-design/colors@npm:^7.1.0":
  version: 7.1.0
  resolution: "@ant-design/colors@npm:7.1.0"
  dependencies:
    "@ctrl/tinycolor": "npm:^3.6.1"
  checksum: 10c0/057fa10e1d0e787235149ef66cfac8c0060b50a5de29bc40d8f3226672e5f4d7d713a8c3f48d21a54d790a0269340897ebf3575af762caa3c006eacf5f883fa9
  languageName: node
  linkType: hard

"@ant-design/cssinjs-utils@npm:^1.0.3":
  version: 1.0.3
  resolution: "@ant-design/cssinjs-utils@npm:1.0.3"
  dependencies:
    "@ant-design/cssinjs": "npm:^1.21.0"
    "@babel/runtime": "npm:^7.23.2"
    rc-util: "npm:^5.38.0"
  peerDependencies:
    react: ">=16.9.0"
    react-dom: ">=16.9.0"
  checksum: 10c0/928909125ec88c631577d1ecfdad652e8c1ca948a474605feda0dcd83127d1c401b1c0ec29847062b02f0f6f55d6ff6e22bb82a7c89550c10b21c0192d2065df
  languageName: node
  linkType: hard

"@ant-design/cssinjs@npm:^1.21.0":
  version: 1.21.0
  resolution: "@ant-design/cssinjs@npm:1.21.0"
  dependencies:
    "@babel/runtime": "npm:^7.11.1"
    "@emotion/hash": "npm:^0.8.0"
    "@emotion/unitless": "npm:^0.7.5"
    classnames: "npm:^2.3.1"
    csstype: "npm:^3.1.3"
    rc-util: "npm:^5.35.0"
    stylis: "npm:^4.0.13"
  peerDependencies:
    react: ">=16.0.0"
    react-dom: ">=16.0.0"
  checksum: 10c0/ffc384e369e2d0610ef322adcf3eba9fe785c4cc065b2bffbf6973abebf72f15ea194d7ffbb94440f363ee7c105388c6ca6b98aff3979f31ee7a49bd2600e986
  languageName: node
  linkType: hard

"@ant-design/fast-color@npm:^2.0.1":
  version: 2.0.4
  resolution: "@ant-design/fast-color@npm:2.0.4"
  dependencies:
    "@babel/runtime": "npm:^7.24.7"
  checksum: 10c0/5b041a7f42fa1e983ef124354e77d090e6b7911363e748de759d1c5900680a342f9658db4c6889633de282ce35930ea66ee76222d56d58faa3f11e11209cebdd
  languageName: node
  linkType: hard

"@ant-design/icons-svg@npm:^4.4.0":
  version: 4.4.2
  resolution: "@ant-design/icons-svg@npm:4.4.2"
  checksum: 10c0/d08f051824599850efcd691a67b0ee602ee886f23fe04e77890b083a0343cde72560317e3909fd029f999df00aef7b57142c863326fff7293251d9162828079b
  languageName: node
  linkType: hard

"@ant-design/icons@npm:^5.4.0":
  version: 5.4.0
  resolution: "@ant-design/icons@npm:5.4.0"
  dependencies:
    "@ant-design/colors": "npm:^7.0.0"
    "@ant-design/icons-svg": "npm:^4.4.0"
    "@babel/runtime": "npm:^7.24.8"
    classnames: "npm:^2.2.6"
    rc-util: "npm:^5.31.1"
  peerDependencies:
    react: ">=16.0.0"
    react-dom: ">=16.0.0"
  checksum: 10c0/fcd310c0f9b88d716cbb7c450e6e7b40b0686e3c902e8c50f117492a1677c6a98f2f9bef55ff7e1ee997e19d5d81959379c1a6bb4fd2412365b252e3e92b9456
  languageName: node
  linkType: hard

"@ant-design/react-slick@npm:~1.1.2":
  version: 1.1.2
  resolution: "@ant-design/react-slick@npm:1.1.2"
  dependencies:
    "@babel/runtime": "npm:^7.10.4"
    classnames: "npm:^2.2.5"
    json2mq: "npm:^0.2.0"
    resize-observer-polyfill: "npm:^1.5.1"
    throttle-debounce: "npm:^5.0.0"
  peerDependencies:
    react: ">=16.9.0"
  checksum: 10c0/4f758e28cf8418e9f1a9b03da3814b2342fcee8a4039cae2fe6f77c01e9c8b7ea78a7e10961128a5ccba4992f520e88cb72c4f7fa1bd22314ce628b0d9fb3f5c
  languageName: node
  linkType: hard

"@babel/runtime@npm:^7.10.1, @babel/runtime@npm:^7.10.4, @babel/runtime@npm:^7.11.1, @babel/runtime@npm:^7.11.2, @babel/runtime@npm:^7.12.5, @babel/runtime@npm:^7.16.7, @babel/runtime@npm:^7.18.0, @babel/runtime@npm:^7.18.3, @babel/runtime@npm:^7.20.0, @babel/runtime@npm:^7.20.7, @babel/runtime@npm:^7.21.0, @babel/runtime@npm:^7.22.5, @babel/runtime@npm:^7.23.2, @babel/runtime@npm:^7.23.6, @babel/runtime@npm:^7.23.9, @babel/runtime@npm:^7.24.4, @babel/runtime@npm:^7.24.7, @babel/runtime@npm:^7.24.8":
  version: 7.25.0
  resolution: "@babel/runtime@npm:7.25.0"
  dependencies:
    regenerator-runtime: "npm:^0.14.0"
  checksum: 10c0/bd3faf246170826cef2071a94d7b47b49d532351360ecd17722d03f6713fd93a3eb3dbd9518faa778d5e8ccad7392a7a604e56bd37aaad3f3aa68d619ccd983d
  languageName: node
  linkType: hard

"@ctrl/tinycolor@npm:^3.6.1":
  version: 3.6.1
  resolution: "@ctrl/tinycolor@npm:3.6.1"
  checksum: 10c0/444d81612cd8c5c802a3d1253df83d5f77d3db87f351861655683a4743990e6b38976bf2e4129591c5a258607b63574b3c7bed702cf6a0eb7912222edf4570e9
  languageName: node
  linkType: hard

"@emotion/hash@npm:^0.8.0":
  version: 0.8.0
  resolution: "@emotion/hash@npm:0.8.0"
  checksum: 10c0/706303d35d416217cd7eb0d36dbda4627bb8bdf4a32ea387e8dd99be11b8e0a998e10af21216e8a5fade518ad955ff06aa8890f20e694ce3a038ae7fc1000556
  languageName: node
  linkType: hard

"@emotion/unitless@npm:^0.7.5":
  version: 0.7.5
  resolution: "@emotion/unitless@npm:0.7.5"
  checksum: 10c0/4d0d94f53cb97b4481bbfa394953e1899a0b877644642ba9dd7247c27eb8c48e14e22aeb11411d7d9874685ad85dd5fb5b50eb78c6d8840eb56a84b92dcef2f4
  languageName: node
  linkType: hard

"@rc-component/async-validator@npm:^5.0.3":
  version: 5.0.4
  resolution: "@rc-component/async-validator@npm:5.0.4"
  dependencies:
    "@babel/runtime": "npm:^7.24.4"
  checksum: 10c0/e874f87e67228d897801360ef1dbd9f3677e10c57c4b4c708c67f9929f44d8c36ca70ff3967e3fc6ef20b87982c966b27695df44899ca50588240e07130fe2ba
  languageName: node
  linkType: hard

"@rc-component/color-picker@npm:~2.0.0":
  version: 2.0.0
  resolution: "@rc-component/color-picker@npm:2.0.0"
  dependencies:
    "@ant-design/fast-color": "npm:^2.0.1"
    "@babel/runtime": "npm:^7.23.6"
    classnames: "npm:^2.2.6"
    rc-util: "npm:^5.38.1"
  peerDependencies:
    react: ">=16.9.0"
    react-dom: ">=16.9.0"
  checksum: 10c0/cee39b41f4162b50d65a75398d507008ae713b08e0ac394a164f70dae680b8b2e2e5a5b8c05bab55e226bb9a268d756bbb6a7e1ff71ffb3f6bb04ccde03f1073
  languageName: node
  linkType: hard

"@rc-component/context@npm:^1.4.0":
  version: 1.4.0
  resolution: "@rc-component/context@npm:1.4.0"
  dependencies:
    "@babel/runtime": "npm:^7.10.1"
    rc-util: "npm:^5.27.0"
  peerDependencies:
    react: ">=16.9.0"
    react-dom: ">=16.9.0"
  checksum: 10c0/4da3773deca15107adccf6635c703663f5a9202c09d8877ee003ccf144de9991c5eefbca4458f31d95d234e57babf0f8f1926e0b887f8a503a43119a39a653aa
  languageName: node
  linkType: hard

"@rc-component/mini-decimal@npm:^1.0.1":
  version: 1.1.0
  resolution: "@rc-component/mini-decimal@npm:1.1.0"
  dependencies:
    "@babel/runtime": "npm:^7.18.0"
  checksum: 10c0/53a7ca71591bc03eba71ab844016df788e83c96c3c7c542710c3eeeae7f55340c88c4930d7a0b11ebe7f1cd9fc65cb5bc284f466fbe95589992dd9833edf6ddf
  languageName: node
  linkType: hard

"@rc-component/mutate-observer@npm:^1.1.0":
  version: 1.1.0
  resolution: "@rc-component/mutate-observer@npm:1.1.0"
  dependencies:
    "@babel/runtime": "npm:^7.18.0"
    classnames: "npm:^2.3.2"
    rc-util: "npm:^5.24.4"
  peerDependencies:
    react: ">=16.9.0"
    react-dom: ">=16.9.0"
  checksum: 10c0/90159acd831ed04b7d2d412354892fd042ad51e63bf17a9fcfa84f3b799e23479617fcc7404566a5b97e5b512b6097b87b8eb36e0c419d803692796a39186a2e
  languageName: node
  linkType: hard

"@rc-component/portal@npm:^1.0.0-8, @rc-component/portal@npm:^1.0.0-9, @rc-component/portal@npm:^1.0.2, @rc-component/portal@npm:^1.1.0, @rc-component/portal@npm:^1.1.1":
  version: 1.1.2
  resolution: "@rc-component/portal@npm:1.1.2"
  dependencies:
    "@babel/runtime": "npm:^7.18.0"
    classnames: "npm:^2.3.2"
    rc-util: "npm:^5.24.4"
  peerDependencies:
    react: ">=16.9.0"
    react-dom: ">=16.9.0"
  checksum: 10c0/3c0297356635d47f364be79de02bb16009f06b1ce82124c3e63da9a71b8e7d3ea2c147e4703ead9cae0f662435a21e9feb30d2edf7197108bc3dbf969f3ca51f
  languageName: node
  linkType: hard

"@rc-component/qrcode@npm:~1.0.0":
  version: 1.0.0
  resolution: "@rc-component/qrcode@npm:1.0.0"
  dependencies:
    "@babel/runtime": "npm:^7.24.7"
    classnames: "npm:^2.3.2"
    rc-util: "npm:^5.38.0"
  peerDependencies:
    react: ">=16.9.0"
    react-dom: ">=16.9.0"
  checksum: 10c0/406dbe13e3b24ca20ef729d5456a329711ac9ca50f20604ff1e1fdbcb3a716408ad453cc083ec87d541096c85e2f512175f0b357075b40f71bea38e2a4f59cbd
  languageName: node
  linkType: hard

"@rc-component/tour@npm:~1.15.0":
  version: 1.15.0
  resolution: "@rc-component/tour@npm:1.15.0"
  dependencies:
    "@babel/runtime": "npm:^7.18.0"
    "@rc-component/portal": "npm:^1.0.0-9"
    "@rc-component/trigger": "npm:^2.0.0"
    classnames: "npm:^2.3.2"
    rc-util: "npm:^5.24.4"
  peerDependencies:
    react: ">=16.9.0"
    react-dom: ">=16.9.0"
  checksum: 10c0/c3bdc3331869c7691197b0d4d40a6e307d7a2379fee8fadeb4718c45e6ccfe31bffc1d018b0a5bc246247bbc80069ff09a6b8bf92089f0a8c271946da1c40236
  languageName: node
  linkType: hard

"@rc-component/trigger@npm:^2.0.0, @rc-component/trigger@npm:^2.1.1, @rc-component/trigger@npm:^2.2.0":
  version: 2.2.0
  resolution: "@rc-component/trigger@npm:2.2.0"
  dependencies:
    "@babel/runtime": "npm:^7.23.2"
    "@rc-component/portal": "npm:^1.1.0"
    classnames: "npm:^2.3.2"
    rc-motion: "npm:^2.0.0"
    rc-resize-observer: "npm:^1.3.1"
    rc-util: "npm:^5.38.0"
  peerDependencies:
    react: ">=16.9.0"
    react-dom: ">=16.9.0"
  checksum: 10c0/71881fceaa645ae906d765901c23b7c80d96bc6305e943ddc18f2226eb5524d3b61b7d46eae3ab9c6a0519376b7ee5c312df82eb1143942941ba2a56a675ccf6
  languageName: node
  linkType: hard

"@sparrow/backend@workspace:packages/sparrow-backend-app":
  version: 0.0.0-use.local
  resolution: "@sparrow/backend@workspace:packages/sparrow-backend-app"
  languageName: unknown
  linkType: soft

"@sparrow/frontend@workspace:packages/sparrow-frontend-app":
  version: 0.0.0-use.local
  resolution: "@sparrow/frontend@workspace:packages/sparrow-frontend-app"
  dependencies:
    "@types/react": "npm:18.3.3"
    "@types/react-dom": "npm:18.3.0"
    antd: "npm:5.20.0"
    classnames: "npm:2.5.1"
    react: "npm:18.3.1"
    react-dom: "npm:18.3.1"
    typescript: "npm:5.5.4"
  languageName: unknown
  linkType: soft

"@types/prop-types@npm:*":
  version: 15.7.12
  resolution: "@types/prop-types@npm:15.7.12"
  checksum: 10c0/1babcc7db6a1177779f8fde0ccc78d64d459906e6ef69a4ed4dd6339c920c2e05b074ee5a92120fe4e9d9f1a01c952f843ebd550bee2332fc2ef81d1706878f8
  languageName: node
  linkType: hard

"@types/react-dom@npm:18.3.0":
  version: 18.3.0
  resolution: "@types/react-dom@npm:18.3.0"
  dependencies:
    "@types/react": "npm:*"
  checksum: 10c0/6c90d2ed72c5a0e440d2c75d99287e4b5df3e7b011838cdc03ae5cd518ab52164d86990e73246b9d812eaf02ec351d74e3b4f5bd325bf341e13bf980392fd53b
  languageName: node
  linkType: hard

"@types/react@npm:*, @types/react@npm:18.3.3":
  version: 18.3.3
  resolution: "@types/react@npm:18.3.3"
  dependencies:
    "@types/prop-types": "npm:*"
    csstype: "npm:^3.0.2"
  checksum: 10c0/fe455f805c5da13b89964c3d68060cebd43e73ec15001a68b34634604a78140e6fc202f3f61679b9d809dde6d7a7c2cb3ed51e0fd1462557911db09879b55114
  languageName: node
  linkType: hard

"antd@npm:5.20.0":
  version: 5.20.0
  resolution: "antd@npm:5.20.0"
  dependencies:
    "@ant-design/colors": "npm:^7.1.0"
    "@ant-design/cssinjs": "npm:^1.21.0"
    "@ant-design/cssinjs-utils": "npm:^1.0.3"
    "@ant-design/icons": "npm:^5.4.0"
    "@ant-design/react-slick": "npm:~1.1.2"
    "@babel/runtime": "npm:^7.24.8"
    "@ctrl/tinycolor": "npm:^3.6.1"
    "@rc-component/color-picker": "npm:~2.0.0"
    "@rc-component/mutate-observer": "npm:^1.1.0"
    "@rc-component/qrcode": "npm:~1.0.0"
    "@rc-component/tour": "npm:~1.15.0"
    "@rc-component/trigger": "npm:^2.2.0"
    classnames: "npm:^2.5.1"
    copy-to-clipboard: "npm:^3.3.3"
    dayjs: "npm:^1.11.11"
    rc-cascader: "npm:~3.27.0"
    rc-checkbox: "npm:~3.3.0"
    rc-collapse: "npm:~3.7.3"
    rc-dialog: "npm:~9.5.2"
    rc-drawer: "npm:~7.2.0"
    rc-dropdown: "npm:~4.2.0"
    rc-field-form: "npm:~2.2.1"
    rc-image: "npm:~7.9.0"
    rc-input: "npm:~1.6.2"
    rc-input-number: "npm:~9.2.0"
    rc-mentions: "npm:~2.15.0"
    rc-menu: "npm:~9.14.1"
    rc-motion: "npm:^2.9.2"
    rc-notification: "npm:~5.6.0"
    rc-pagination: "npm:~4.2.0"
    rc-picker: "npm:~4.6.11"
    rc-progress: "npm:~4.0.0"
    rc-rate: "npm:~2.13.0"
    rc-resize-observer: "npm:^1.4.0"
    rc-segmented: "npm:~2.3.0"
    rc-select: "npm:~14.15.1"
    rc-slider: "npm:~11.1.3"
    rc-steps: "npm:~6.0.1"
    rc-switch: "npm:~4.1.0"
    rc-table: "npm:~7.45.7"
    rc-tabs: "npm:~15.1.1"
    rc-textarea: "npm:~1.8.1"
    rc-tooltip: "npm:~6.2.0"
    rc-tree: "npm:~5.8.8"
    rc-tree-select: "npm:~5.22.1"
    rc-upload: "npm:~4.6.0"
    rc-util: "npm:^5.43.0"
    scroll-into-view-if-needed: "npm:^3.1.0"
    throttle-debounce: "npm:^5.0.2"
  peerDependencies:
    react: ">=16.9.0"
    react-dom: ">=16.9.0"
  checksum: 10c0/2f1a7a08f78b7014e60f6dbe329d9e75ef8e584ba6f3fc6db5822e56940f73c54c3b6316d8be6c7a2e121b2ecb9063f78a1b9176154e2aa24d23285c3c8c943d
  languageName: node
  linkType: hard

"array-tree-filter@npm:^2.1.0":
  version: 2.1.0
  resolution: "array-tree-filter@npm:2.1.0"
  checksum: 10c0/6fd1677522b20d10fd918e446db40c3e313eac9ed77ca8a5ea45f43b69c40300655c69760c159fd2cd189985323231a5077858c59fa3ca9c6c2439635eb8557e
  languageName: node
  linkType: hard

"classnames@npm:2.5.1, classnames@npm:2.x, classnames@npm:^2.2.1, classnames@npm:^2.2.3, classnames@npm:^2.2.5, classnames@npm:^2.2.6, classnames@npm:^2.3.1, classnames@npm:^2.3.2, classnames@npm:^2.5.1":
  version: 2.5.1
  resolution: "classnames@npm:2.5.1"
  checksum: 10c0/afff4f77e62cea2d79c39962980bf316bacb0d7c49e13a21adaadb9221e1c6b9d3cdb829d8bb1b23c406f4e740507f37e1dcf506f7e3b7113d17c5bab787aa69
  languageName: node
  linkType: hard

"compute-scroll-into-view@npm:^3.0.2":
  version: 3.1.0
  resolution: "compute-scroll-into-view@npm:3.1.0"
  checksum: 10c0/bf305c4ece8e5c59ed3f7ed82b6dab5b7487ce26f56a693d903869964712870fccb08fe31d40edcbd600b03c99198f54d443acb315d674bd64fd344410c8672e
  languageName: node
  linkType: hard

"copy-to-clipboard@npm:^3.3.3":
  version: 3.3.3
  resolution: "copy-to-clipboard@npm:3.3.3"
  dependencies:
    toggle-selection: "npm:^1.0.6"
  checksum: 10c0/3ebf5e8ee00601f8c440b83ec08d838e8eabb068c1fae94a9cda6b42f288f7e1b552f3463635f419af44bf7675afc8d0390d30876cf5c2d5d35f86d9c56a3e5f
  languageName: node
  linkType: hard

"csstype@npm:^3.0.2, csstype@npm:^3.1.3":
  version: 3.1.3
  resolution: "csstype@npm:3.1.3"
  checksum: 10c0/80c089d6f7e0c5b2bd83cf0539ab41474198579584fa10d86d0cafe0642202343cbc119e076a0b1aece191989477081415d66c9fefbf3c957fc2fc4b7009f248
  languageName: node
  linkType: hard

"dayjs@npm:^1.11.11":
  version: 1.11.12
  resolution: "dayjs@npm:1.11.12"
  checksum: 10c0/9673d37f3f9ad8a91caaeae9b3fea9a0010c81c7f58599fb9d860bc3359b86632fbff8eb7dddc86c2acaab01c5e6860bc672952f17b58c9286140c52b077c8e4
  languageName: node
  linkType: hard

"js-tokens@npm:^3.0.0 || ^4.0.0":
  version: 4.0.0
  resolution: "js-tokens@npm:4.0.0"
  checksum: 10c0/e248708d377aa058eacf2037b07ded847790e6de892bbad3dac0abba2e759cb9f121b00099a65195616badcb6eca8d14d975cb3e89eb1cfda644756402c8aeed
  languageName: node
  linkType: hard

"json2mq@npm:^0.2.0":
  version: 0.2.0
  resolution: "json2mq@npm:0.2.0"
  dependencies:
    string-convert: "npm:^0.2.0"
  checksum: 10c0/fc9e2f2306572522d3e61d246afdf70b56ca9ea32f4ad5924c30949867851ab59c926bd0ffc821ebb54d32f3e82e95225f3906eacdb3e54c1ad49acdadf7e0c7
  languageName: node
  linkType: hard

"loose-envify@npm:^1.1.0":
  version: 1.4.0
  resolution: "loose-envify@npm:1.4.0"
  dependencies:
    js-tokens: "npm:^3.0.0 || ^4.0.0"
  bin:
    loose-envify: cli.js
  checksum: 10c0/655d110220983c1a4b9c0c679a2e8016d4b67f6e9c7b5435ff5979ecdb20d0813f4dec0a08674fcbdd4846a3f07edbb50a36811fd37930b94aaa0d9daceb017e
  languageName: node
  linkType: hard

"my-monorepo@workspace:.":
  version: 0.0.0-use.local
  resolution: "my-monorepo@workspace:."
  languageName: unknown
  linkType: soft

"rc-cascader@npm:~3.27.0":
  version: 3.27.0
  resolution: "rc-cascader@npm:3.27.0"
  dependencies:
    "@babel/runtime": "npm:^7.12.5"
    array-tree-filter: "npm:^2.1.0"
    classnames: "npm:^2.3.1"
    rc-select: "npm:~14.15.0"
    rc-tree: "npm:~5.8.1"
    rc-util: "npm:^5.37.0"
  peerDependencies:
    react: ">=16.9.0"
    react-dom: ">=16.9.0"
  checksum: 10c0/3601048cd3e4d94f91fac82c7f7ffa4d168ce6030643978d1bfad4f6add0db93c7f3b61aef01ca1052b553f8e9ea76f0968f3f98fd3623c7cc9583561f409b1e
  languageName: node
  linkType: hard

"rc-checkbox@npm:~3.3.0":
  version: 3.3.0
  resolution: "rc-checkbox@npm:3.3.0"
  dependencies:
    "@babel/runtime": "npm:^7.10.1"
    classnames: "npm:^2.3.2"
    rc-util: "npm:^5.25.2"
  peerDependencies:
    react: ">=16.9.0"
    react-dom: ">=16.9.0"
  checksum: 10c0/90dc42115370f6578a798558e30b6248e73d52022dc685b17893f8de1b3dc0b88886258447270c555b7d963621f36b25dadbde9938ba3ea49ec01b24fb2a3555
  languageName: node
  linkType: hard

"rc-collapse@npm:~3.7.3":
  version: 3.7.3
  resolution: "rc-collapse@npm:3.7.3"
  dependencies:
    "@babel/runtime": "npm:^7.10.1"
    classnames: "npm:2.x"
    rc-motion: "npm:^2.3.4"
    rc-util: "npm:^5.27.0"
  peerDependencies:
    react: ">=16.9.0"
    react-dom: ">=16.9.0"
  checksum: 10c0/6e5ff193eb22e88a21871759e99814837f6c0732fb375f57e5ed3aa94a6253a5337cf5179aa10bfc9930500d536dfa262180f435ea2c41eea4ace4f3b3e148ac
  languageName: node
  linkType: hard

"rc-dialog@npm:~9.5.2":
  version: 9.5.2
  resolution: "rc-dialog@npm:9.5.2"
  dependencies:
    "@babel/runtime": "npm:^7.10.1"
    "@rc-component/portal": "npm:^1.0.0-8"
    classnames: "npm:^2.2.6"
    rc-motion: "npm:^2.3.0"
    rc-util: "npm:^5.21.0"
  peerDependencies:
    react: ">=16.9.0"
    react-dom: ">=16.9.0"
  checksum: 10c0/e5854b2b99d4336f8c1125f63bb66da6b25959502866fb74c32cede5cad4ee6aa62dba6de79a16082812605193d83d99409f6372b161c2b906e68b9645d7031e
  languageName: node
  linkType: hard

"rc-drawer@npm:~7.2.0":
  version: 7.2.0
  resolution: "rc-drawer@npm:7.2.0"
  dependencies:
    "@babel/runtime": "npm:^7.23.9"
    "@rc-component/portal": "npm:^1.1.1"
    classnames: "npm:^2.2.6"
    rc-motion: "npm:^2.6.1"
    rc-util: "npm:^5.38.1"
  peerDependencies:
    react: ">=16.9.0"
    react-dom: ">=16.9.0"
  checksum: 10c0/d6814998983100193d6a521745324a94fa8d65cbb979b2764d1d48a78d6b6e22f9d078ebb68545b68a0cc38f062298d11ed3635e93d004a60415d384330a8573
  languageName: node
  linkType: hard

"rc-dropdown@npm:~4.2.0":
  version: 4.2.0
  resolution: "rc-dropdown@npm:4.2.0"
  dependencies:
    "@babel/runtime": "npm:^7.18.3"
    "@rc-component/trigger": "npm:^2.0.0"
    classnames: "npm:^2.2.6"
    rc-util: "npm:^5.17.0"
  peerDependencies:
    react: ">=16.11.0"
    react-dom: ">=16.11.0"
  checksum: 10c0/e808172c922f4c3f8bf4fb4641834e34929df9e0af00981e5554d72852d2df016a85c5339119a61f740ea70da7e33c89ed95c11ee8b9c5538533072675287a3a
  languageName: node
  linkType: hard

"rc-field-form@npm:~2.2.1":
  version: 2.2.1
  resolution: "rc-field-form@npm:2.2.1"
  dependencies:
    "@babel/runtime": "npm:^7.18.0"
    "@rc-component/async-validator": "npm:^5.0.3"
    rc-util: "npm:^5.32.2"
  peerDependencies:
    react: ">=16.9.0"
    react-dom: ">=16.9.0"
  checksum: 10c0/59911ef8222b08df561ea32bf0cc8d0731c796a06de95be9faacd8399be24e9c82343ceb52201df13c061bf75713b43e8d3963de33c41be35b735991c8f0f500
  languageName: node
  linkType: hard

"rc-image@npm:~7.9.0":
  version: 7.9.0
  resolution: "rc-image@npm:7.9.0"
  dependencies:
    "@babel/runtime": "npm:^7.11.2"
    "@rc-component/portal": "npm:^1.0.2"
    classnames: "npm:^2.2.6"
    rc-dialog: "npm:~9.5.2"
    rc-motion: "npm:^2.6.2"
    rc-util: "npm:^5.34.1"
  peerDependencies:
    react: ">=16.9.0"
    react-dom: ">=16.9.0"
  checksum: 10c0/fd04b8b66447d6c55f6fb298723582b80e51ddf364d7ae9560431f3f6a11622b97f1870755014d22994fadfbaaa21dda80444eee717409300853c1f65764d5b1
  languageName: node
  linkType: hard

"rc-input-number@npm:~9.2.0":
  version: 9.2.0
  resolution: "rc-input-number@npm:9.2.0"
  dependencies:
    "@babel/runtime": "npm:^7.10.1"
    "@rc-component/mini-decimal": "npm:^1.0.1"
    classnames: "npm:^2.2.5"
    rc-input: "npm:~1.6.0"
    rc-util: "npm:^5.40.1"
  peerDependencies:
    react: ">=16.9.0"
    react-dom: ">=16.9.0"
  checksum: 10c0/6053fd1585f65f0a48d2e98bdf83000981b28c3581dc390d8ae9cb2c4c90a2c559bfe8bbb7f0a376eea0ab4dcfe83c758e0cf09023a2fdf2e49eecc5145c8f79
  languageName: node
  linkType: hard

"rc-input@npm:~1.6.0, rc-input@npm:~1.6.2":
  version: 1.6.2
  resolution: "rc-input@npm:1.6.2"
  dependencies:
    "@babel/runtime": "npm:^7.11.1"
    classnames: "npm:^2.2.1"
    rc-util: "npm:^5.18.1"
  peerDependencies:
    react: ">=16.0.0"
    react-dom: ">=16.0.0"
  checksum: 10c0/390d00eed814e292c28736f57887eb8ed3992a0f1e31745b8de4f3db972c1be0bedb9a11d1430db8380df889622d5b0e3ffe0e490cdc65c8dc30478a3cbd0d7f
  languageName: node
  linkType: hard

"rc-mentions@npm:~2.15.0":
  version: 2.15.0
  resolution: "rc-mentions@npm:2.15.0"
  dependencies:
    "@babel/runtime": "npm:^7.22.5"
    "@rc-component/trigger": "npm:^2.0.0"
    classnames: "npm:^2.2.6"
    rc-input: "npm:~1.6.0"
    rc-menu: "npm:~9.14.0"
    rc-textarea: "npm:~1.8.0"
    rc-util: "npm:^5.34.1"
  peerDependencies:
    react: ">=16.9.0"
    react-dom: ">=16.9.0"
  checksum: 10c0/5987090f496d7f6959e1d99a8d37410c7232347124e0e206f5abe628ac55bd7adc6d7b730769b7431067c0cb99eeda0389487768430d21163fd1241c848abdfc
  languageName: node
  linkType: hard

"rc-menu@npm:~9.14.0, rc-menu@npm:~9.14.1":
  version: 9.14.1
  resolution: "rc-menu@npm:9.14.1"
  dependencies:
    "@babel/runtime": "npm:^7.10.1"
    "@rc-component/trigger": "npm:^2.0.0"
    classnames: "npm:2.x"
    rc-motion: "npm:^2.4.3"
    rc-overflow: "npm:^1.3.1"
    rc-util: "npm:^5.27.0"
  peerDependencies:
    react: ">=16.9.0"
    react-dom: ">=16.9.0"
  checksum: 10c0/821c4016d64b83fb3035c0abfe83c6203f6ae885e9fbb7d4f78e7db5ae390cb67398bac7fd667ff738c4dccb447d9a35ac0bdf0f2bc4816def2b33cdb8a16861
  languageName: node
  linkType: hard

"rc-motion@npm:^2.0.0, rc-motion@npm:^2.0.1, rc-motion@npm:^2.3.0, rc-motion@npm:^2.3.4, rc-motion@npm:^2.4.3, rc-motion@npm:^2.4.4, rc-motion@npm:^2.6.1, rc-motion@npm:^2.6.2, rc-motion@npm:^2.9.0, rc-motion@npm:^2.9.2":
  version: 2.9.2
  resolution: "rc-motion@npm:2.9.2"
  dependencies:
    "@babel/runtime": "npm:^7.11.1"
    classnames: "npm:^2.2.1"
    rc-util: "npm:^5.43.0"
  peerDependencies:
    react: ">=16.9.0"
    react-dom: ">=16.9.0"
  checksum: 10c0/e5e4f8fe83238c414fb0fc738b4d71faef0c951b5858bfd90bb3f3ff1dde1577262c258fcdae4e5a53a78f5056e2868ff85335ded92758cc886e610308709d8d
  languageName: node
  linkType: hard

"rc-notification@npm:~5.6.0":
  version: 5.6.0
  resolution: "rc-notification@npm:5.6.0"
  dependencies:
    "@babel/runtime": "npm:^7.10.1"
    classnames: "npm:2.x"
    rc-motion: "npm:^2.9.0"
    rc-util: "npm:^5.20.1"
  peerDependencies:
    react: ">=16.9.0"
    react-dom: ">=16.9.0"
  checksum: 10c0/754b158716564a90a96480646fd95ce02b54b25dc88a6b7fd7d4cbfd53f6fcd95aa97fe9267356f66a678ec38c8a04282217c5b909904949b4bdd3a7fd1b7480
  languageName: node
  linkType: hard

"rc-overflow@npm:^1.3.1, rc-overflow@npm:^1.3.2":
  version: 1.3.2
  resolution: "rc-overflow@npm:1.3.2"
  dependencies:
    "@babel/runtime": "npm:^7.11.1"
    classnames: "npm:^2.2.1"
    rc-resize-observer: "npm:^1.0.0"
    rc-util: "npm:^5.37.0"
  peerDependencies:
    react: ">=16.9.0"
    react-dom: ">=16.9.0"
  checksum: 10c0/1c3741760e21fdc5829ebc1affb2a54fd04bda3abc1c88542b6191845d3490ca255fc423f897f448af1c79311c7eda499ea977ca79bce55ebdaf75397573d125
  languageName: node
  linkType: hard

"rc-pagination@npm:~4.2.0":
  version: 4.2.0
  resolution: "rc-pagination@npm:4.2.0"
  dependencies:
    "@babel/runtime": "npm:^7.10.1"
    classnames: "npm:^2.3.2"
    rc-util: "npm:^5.38.0"
  peerDependencies:
    react: ">=16.9.0"
    react-dom: ">=16.9.0"
  checksum: 10c0/fa5ea867a81c850df4a583f10979865420856ac50d17fc1a92824c82844580b476e333f396928e02a160e672eaec77bcc66330962f07e53bdc8b55ffd303da8c
  languageName: node
  linkType: hard

"rc-picker@npm:~4.6.11":
  version: 4.6.11
  resolution: "rc-picker@npm:4.6.11"
  dependencies:
    "@babel/runtime": "npm:^7.24.7"
    "@rc-component/trigger": "npm:^2.0.0"
    classnames: "npm:^2.2.1"
    rc-overflow: "npm:^1.3.2"
    rc-resize-observer: "npm:^1.4.0"
    rc-util: "npm:^5.43.0"
  peerDependencies:
    date-fns: ">= 2.x"
    dayjs: ">= 1.x"
    luxon: ">= 3.x"
    moment: ">= 2.x"
    react: ">=16.9.0"
    react-dom: ">=16.9.0"
  peerDependenciesMeta:
    date-fns:
      optional: true
    dayjs:
      optional: true
    luxon:
      optional: true
    moment:
      optional: true
  checksum: 10c0/e30b64dd19ce275ddce14d7a5e00a31daa11c0caf5ba2e9da5bdb6798f33ce83994a6acf57ff4ef4fc1da6a5a8d2271e91253a33f6afe715714347d0856b973b
  languageName: node
  linkType: hard

"rc-progress@npm:~4.0.0":
  version: 4.0.0
  resolution: "rc-progress@npm:4.0.0"
  dependencies:
    "@babel/runtime": "npm:^7.10.1"
    classnames: "npm:^2.2.6"
    rc-util: "npm:^5.16.1"
  peerDependencies:
    react: ">=16.9.0"
    react-dom: ">=16.9.0"
  checksum: 10c0/d3b47565470c5fec71a16f8d1939f1b1dd7d2dc9260893c6f70cafa84d9ee4231f3466be817db5fb9580932af46e34d52c74a710700ca9391b1901fa06c31f1e
  languageName: node
  linkType: hard

"rc-rate@npm:~2.13.0":
  version: 2.13.0
  resolution: "rc-rate@npm:2.13.0"
  dependencies:
    "@babel/runtime": "npm:^7.10.1"
    classnames: "npm:^2.2.5"
    rc-util: "npm:^5.0.1"
  peerDependencies:
    react: ">=16.9.0"
    react-dom: ">=16.9.0"
  checksum: 10c0/3e2c15ee41d20837e820b6a1b83bf83e74ecb36c1da05c9e32c22d864586e7a826c961ba8159468ac9c9ac2fcb03b91a812070a5eb8119e77c2248ef95d6febd
  languageName: node
  linkType: hard

"rc-resize-observer@npm:^1.0.0, rc-resize-observer@npm:^1.1.0, rc-resize-observer@npm:^1.3.1, rc-resize-observer@npm:^1.4.0":
  version: 1.4.0
  resolution: "rc-resize-observer@npm:1.4.0"
  dependencies:
    "@babel/runtime": "npm:^7.20.7"
    classnames: "npm:^2.2.1"
    rc-util: "npm:^5.38.0"
    resize-observer-polyfill: "npm:^1.5.1"
  peerDependencies:
    react: ">=16.9.0"
    react-dom: ">=16.9.0"
  checksum: 10c0/50e03fa524e156477e5e083bc11e92b8d2c442b6a9a0caa111d9b9991174f9ac98175d50fba1721e55338472d5344610e30fce8531a65785b3d79c191173d351
  languageName: node
  linkType: hard

"rc-segmented@npm:~2.3.0":
  version: 2.3.0
  resolution: "rc-segmented@npm:2.3.0"
  dependencies:
    "@babel/runtime": "npm:^7.11.1"
    classnames: "npm:^2.2.1"
    rc-motion: "npm:^2.4.4"
    rc-util: "npm:^5.17.0"
  peerDependencies:
    react: ">=16.0.0"
    react-dom: ">=16.0.0"
  checksum: 10c0/8d5f99ca55f1a1b0f3de66801a456e35c8c41a94a8d1b90a98aeb622cc95c86a7430449f2b3384d497f68641f92af0e3bd2689bfb7bbaf6543882cfc12e6c42f
  languageName: node
  linkType: hard

"rc-select@npm:~14.15.0, rc-select@npm:~14.15.1":
  version: 14.15.1
  resolution: "rc-select@npm:14.15.1"
  dependencies:
    "@babel/runtime": "npm:^7.10.1"
    "@rc-component/trigger": "npm:^2.1.1"
    classnames: "npm:2.x"
    rc-motion: "npm:^2.0.1"
    rc-overflow: "npm:^1.3.1"
    rc-util: "npm:^5.16.1"
    rc-virtual-list: "npm:^3.5.2"
  peerDependencies:
    react: "*"
    react-dom: "*"
  checksum: 10c0/f100765830fbd9d619d7b04f8a45bae247582e27c1b43c9e192d2d1ef8bf2c3144d81a799de11d8db5fc33826fa9117a6b967c072151ef0e82801c3b62ef23d5
  languageName: node
  linkType: hard

"rc-slider@npm:~11.1.3":
  version: 11.1.5
  resolution: "rc-slider@npm:11.1.5"
  dependencies:
    "@babel/runtime": "npm:^7.10.1"
    classnames: "npm:^2.2.5"
    rc-util: "npm:^5.36.0"
  peerDependencies:
    react: ">=16.9.0"
    react-dom: ">=16.9.0"
  checksum: 10c0/2d20330d7d2a9722c4732010fd2f10183f808cd8fe7122ffc0a899020f1d479171a60dc95ccda6c17d15345d2447553e2df883cfad5f6d9f9248fff5eeb1af8e
  languageName: node
  linkType: hard

"rc-steps@npm:~6.0.1":
  version: 6.0.1
  resolution: "rc-steps@npm:6.0.1"
  dependencies:
    "@babel/runtime": "npm:^7.16.7"
    classnames: "npm:^2.2.3"
    rc-util: "npm:^5.16.1"
  peerDependencies:
    react: ">=16.9.0"
    react-dom: ">=16.9.0"
  checksum: 10c0/0ba1051a469ae95916cafbb6d7fe76f94e6666181129d3012174d8cc25913c6afd691f551ee0dac48a4a86b59cb91699d6a44a1398dcafd661a8a519f70c95e1
  languageName: node
  linkType: hard

"rc-switch@npm:~4.1.0":
  version: 4.1.0
  resolution: "rc-switch@npm:4.1.0"
  dependencies:
    "@babel/runtime": "npm:^7.21.0"
    classnames: "npm:^2.2.1"
    rc-util: "npm:^5.30.0"
  peerDependencies:
    react: ">=16.9.0"
    react-dom: ">=16.9.0"
  checksum: 10c0/5ce5b1cadea6e7cd38c0725456ea15c39748fefc39576f7c9288192e69b7f426c4ac7627e266369ece164f281ae08e14ab8f54d4d7858c8bd20707b296980743
  languageName: node
  linkType: hard

"rc-table@npm:~7.45.7":
  version: 7.45.7
  resolution: "rc-table@npm:7.45.7"
  dependencies:
    "@babel/runtime": "npm:^7.10.1"
    "@rc-component/context": "npm:^1.4.0"
    classnames: "npm:^2.2.5"
    rc-resize-observer: "npm:^1.1.0"
    rc-util: "npm:^5.37.0"
    rc-virtual-list: "npm:^3.14.2"
  peerDependencies:
    react: ">=16.9.0"
    react-dom: ">=16.9.0"
  checksum: 10c0/18803454e2d4f2dcbbc8d6c5cf8b0445c35f586106d389db503601f4b17e941765c1fda53555a2120af4b122b9a88ccde30c28bb4d6a2fd96f9daa5438ff16a5
  languageName: node
  linkType: hard

"rc-tabs@npm:~15.1.1":
  version: 15.1.1
  resolution: "rc-tabs@npm:15.1.1"
  dependencies:
    "@babel/runtime": "npm:^7.11.2"
    classnames: "npm:2.x"
    rc-dropdown: "npm:~4.2.0"
    rc-menu: "npm:~9.14.0"
    rc-motion: "npm:^2.6.2"
    rc-resize-observer: "npm:^1.0.0"
    rc-util: "npm:^5.34.1"
  peerDependencies:
    react: ">=16.9.0"
    react-dom: ">=16.9.0"
  checksum: 10c0/b6115747f23f94d31fa6b2de381e6e7db38f18a121cdf15ffaec8008faa9da6c7e8d6253c998f817b6e453532ca6e3577b0b7ab9bf4ec3de541eaad32fac50f7
  languageName: node
  linkType: hard

"rc-textarea@npm:~1.8.0, rc-textarea@npm:~1.8.1":
  version: 1.8.1
  resolution: "rc-textarea@npm:1.8.1"
  dependencies:
    "@babel/runtime": "npm:^7.10.1"
    classnames: "npm:^2.2.1"
    rc-input: "npm:~1.6.0"
    rc-resize-observer: "npm:^1.0.0"
    rc-util: "npm:^5.27.0"
  peerDependencies:
    react: ">=16.9.0"
    react-dom: ">=16.9.0"
  checksum: 10c0/54cfdf4622e354e492027364562445c5e1302155f0cd210400b26a9891750ab22616fa5878306a06a78663e3b341eaa316b34043c741186b86b7bcdc9848430f
  languageName: node
  linkType: hard

"rc-tooltip@npm:~6.2.0":
  version: 6.2.0
  resolution: "rc-tooltip@npm:6.2.0"
  dependencies:
    "@babel/runtime": "npm:^7.11.2"
    "@rc-component/trigger": "npm:^2.0.0"
    classnames: "npm:^2.3.1"
  peerDependencies:
    react: ">=16.9.0"
    react-dom: ">=16.9.0"
  checksum: 10c0/5f1f8e51fbb156acb3ebea52f509e61b3c0679869d73f0238bcd6d585fcef3cb5f544b5064cac417fb7137218ac81cf9223dc6d87d2e7820a56c72e9f279198e
  languageName: node
  linkType: hard

"rc-tree-select@npm:~5.22.1":
  version: 5.22.1
  resolution: "rc-tree-select@npm:5.22.1"
  dependencies:
    "@babel/runtime": "npm:^7.10.1"
    classnames: "npm:2.x"
    rc-select: "npm:~14.15.0"
    rc-tree: "npm:~5.8.1"
    rc-util: "npm:^5.16.1"
  peerDependencies:
    react: "*"
    react-dom: "*"
  checksum: 10c0/8dba4faa908828d2748eafebc593a1456d0e0696fd37d899bd3de775ad6da37368abf262442070c01eef51b91ffa16daaab395f320c78c03d6a622a671f525f8
  languageName: node
  linkType: hard

"rc-tree@npm:~5.8.1, rc-tree@npm:~5.8.8":
  version: 5.8.8
  resolution: "rc-tree@npm:5.8.8"
  dependencies:
    "@babel/runtime": "npm:^7.10.1"
    classnames: "npm:2.x"
    rc-motion: "npm:^2.0.1"
    rc-util: "npm:^5.16.1"
    rc-virtual-list: "npm:^3.5.1"
  peerDependencies:
    react: "*"
    react-dom: "*"
  checksum: 10c0/879547f43ead839c3ef2a1d7b7626c2771013b4c480e7c49d74929d99778fd47b977a593922aa80947dba5aa60a7524f1b43dca1258a56a30d9ca143f12558cf
  languageName: node
  linkType: hard

"rc-upload@npm:~4.6.0":
  version: 4.6.0
  resolution: "rc-upload@npm:4.6.0"
  dependencies:
    "@babel/runtime": "npm:^7.18.3"
    classnames: "npm:^2.2.5"
    rc-util: "npm:^5.2.0"
  peerDependencies:
    react: ">=16.9.0"
    react-dom: ">=16.9.0"
  checksum: 10c0/d77cc89746d354acf9adfad4da0387f7c682c5b5f21c0abc4ba9c8acf4b4350494bf96132ea4bb1fa82a4eb5933033dd59ffa79cb3b6f7421991513c09952dff
  languageName: node
  linkType: hard

"rc-util@npm:^5.0.1, rc-util@npm:^5.16.1, rc-util@npm:^5.17.0, rc-util@npm:^5.18.1, rc-util@npm:^5.2.0, rc-util@npm:^5.20.1, rc-util@npm:^5.21.0, rc-util@npm:^5.24.4, rc-util@npm:^5.25.2, rc-util@npm:^5.27.0, rc-util@npm:^5.30.0, rc-util@npm:^5.31.1, rc-util@npm:^5.32.2, rc-util@npm:^5.34.1, rc-util@npm:^5.35.0, rc-util@npm:^5.36.0, rc-util@npm:^5.37.0, rc-util@npm:^5.38.0, rc-util@npm:^5.38.1, rc-util@npm:^5.40.1, rc-util@npm:^5.43.0":
  version: 5.43.0
  resolution: "rc-util@npm:5.43.0"
  dependencies:
    "@babel/runtime": "npm:^7.18.3"
    react-is: "npm:^18.2.0"
  peerDependencies:
    react: ">=16.9.0"
    react-dom: ">=16.9.0"
  checksum: 10c0/39f7904c9851f2b0a2dace5ac578f42000498412d7da5ef2063fd547db91d158dcb376bcbacf49fb7790d2721727bd38ea3483294ef51eb6099a793b2e17e9db
  languageName: node
  linkType: hard

"rc-virtual-list@npm:^3.14.2, rc-virtual-list@npm:^3.5.1, rc-virtual-list@npm:^3.5.2":
  version: 3.14.5
  resolution: "rc-virtual-list@npm:3.14.5"
  dependencies:
    "@babel/runtime": "npm:^7.20.0"
    classnames: "npm:^2.2.6"
    rc-resize-observer: "npm:^1.0.0"
    rc-util: "npm:^5.36.0"
  peerDependencies:
    react: ">=16.9.0"
    react-dom: ">=16.9.0"
  checksum: 10c0/4e292756d3f48c3d92fa571f52d984bc048cc7f599c8cbb7dad9d7dc34bef83e0ee14963fe86c4662c6072ffade2838dd5a2dbc1e7d8584db4fef5f202fcc3bb
  languageName: node
  linkType: hard

"react-dom@npm:18.3.1":
  version: 18.3.1
  resolution: "react-dom@npm:18.3.1"
  dependencies:
    loose-envify: "npm:^1.1.0"
    scheduler: "npm:^0.23.2"
  peerDependencies:
    react: ^18.3.1
  checksum: 10c0/a752496c1941f958f2e8ac56239172296fcddce1365ce45222d04a1947e0cc5547df3e8447f855a81d6d39f008d7c32eab43db3712077f09e3f67c4874973e85
  languageName: node
  linkType: hard

"react-is@npm:^18.2.0":
  version: 18.3.1
  resolution: "react-is@npm:18.3.1"
  checksum: 10c0/f2f1e60010c683479e74c63f96b09fb41603527cd131a9959e2aee1e5a8b0caf270b365e5ca77d4a6b18aae659b60a86150bb3979073528877029b35aecd2072
  languageName: node
  linkType: hard

"react@npm:18.3.1":
  version: 18.3.1
  resolution: "react@npm:18.3.1"
  dependencies:
    loose-envify: "npm:^1.1.0"
  checksum: 10c0/283e8c5efcf37802c9d1ce767f302dd569dd97a70d9bb8c7be79a789b9902451e0d16334b05d73299b20f048cbc3c7d288bbbde10b701fa194e2089c237dbea3
  languageName: node
  linkType: hard

"regenerator-runtime@npm:^0.14.0":
  version: 0.14.1
  resolution: "regenerator-runtime@npm:0.14.1"
  checksum: 10c0/1b16eb2c4bceb1665c89de70dcb64126a22bc8eb958feef3cd68fe11ac6d2a4899b5cd1b80b0774c7c03591dc57d16631a7f69d2daa2ec98100e2f29f7ec4cc4
  languageName: node
  linkType: hard

"resize-observer-polyfill@npm:^1.5.1":
  version: 1.5.1
  resolution: "resize-observer-polyfill@npm:1.5.1"
  checksum: 10c0/5e882475067f0b97dc07e0f37c3e335ac5bc3520d463f777cec7e894bb273eddbfecb857ae668e6fb6881fd6f6bb7148246967172139302da50fa12ea3a15d95
  languageName: node
  linkType: hard

"scheduler@npm:^0.23.2":
  version: 0.23.2
  resolution: "scheduler@npm:0.23.2"
  dependencies:
    loose-envify: "npm:^1.1.0"
  checksum: 10c0/26383305e249651d4c58e6705d5f8425f153211aef95f15161c151f7b8de885f24751b377e4a0b3dd42cce09aad3f87a61dab7636859c0d89b7daf1a1e2a5c78
  languageName: node
  linkType: hard

"scroll-into-view-if-needed@npm:^3.1.0":
  version: 3.1.0
  resolution: "scroll-into-view-if-needed@npm:3.1.0"
  dependencies:
    compute-scroll-into-view: "npm:^3.0.2"
  checksum: 10c0/1f46b090e1e04fcfdef1e384f6d7e615f9f84d4176faf4dbba7347cc0a6e491e5d578eaf4dbe9618dd3d8d38efafde58535b3e00f2a21ce4178c14be364850ff
  languageName: node
  linkType: hard

"string-convert@npm:^0.2.0":
  version: 0.2.1
  resolution: "string-convert@npm:0.2.1"
  checksum: 10c0/00673ed8a3106137395436537ace7d3672c91a3290da73466055daa0134331dc84bc58c54ba2d2ea40711adc5744426d3c8239dbfc30290438fa3e9ff65db528
  languageName: node
  linkType: hard

"stylis@npm:^4.0.13":
  version: 4.3.2
  resolution: "stylis@npm:4.3.2"
  checksum: 10c0/0410e1404cbeee3388a9e17587875211ce2f014c8379af0d1e24ca55878867c9f1ccc7b0ce9a156ca53f5d6e301391a82b0645522a604674a378b3189a4a1994
  languageName: node
  linkType: hard

"throttle-debounce@npm:^5.0.0, throttle-debounce@npm:^5.0.2":
  version: 5.0.2
  resolution: "throttle-debounce@npm:5.0.2"
  checksum: 10c0/9a10ac51400b353562770721718486847adb5d7287c94a0c0d47df5326e8d47e5d92fcb74dac53d6734efb9344a2d46d68c7f996c2d0aedfd11446522e4bb356
  languageName: node
  linkType: hard

"toggle-selection@npm:^1.0.6":
  version: 1.0.6
  resolution: "toggle-selection@npm:1.0.6"
  checksum: 10c0/f2cf1f2c70f374fd87b0cdc8007453ba9e981c4305a8bf4eac10a30e62ecdfd28bca7d18f8f15b15a506bf8a7bfb20dbe3539f0fcf2a2c8396c1a78d53e1f179
  languageName: node
  linkType: hard

"typescript@npm:5.5.4":
  version: 5.5.4
  resolution: "typescript@npm:5.5.4"
  bin:
    tsc: bin/tsc
    tsserver: bin/tsserver
  checksum: 10c0/422be60f89e661eab29ac488c974b6cc0a660fb2228003b297c3d10c32c90f3bcffc1009b43876a082515a3c376b1eefcce823d6e78982e6878408b9a923199c
  languageName: node
  linkType: hard

"typescript@patch:typescript@npm%3A5.5.4#optional!builtin<compat/typescript>":
  version: 5.5.4
  resolution: "typescript@patch:typescript@npm%3A5.5.4#optional!builtin<compat/typescript>::version=5.5.4&hash=379a07"
  bin:
    tsc: bin/tsc
    tsserver: bin/tsserver
  checksum: 10c0/73409d7b9196a5a1217b3aaad929bf76294d3ce7d6e9766dd880ece296ee91cf7d7db6b16c6c6c630ee5096eccde726c0ef17c7dfa52b01a243e57ae1f09ef07
  languageName: node
  linkType: hard
